
Microsoft Visual Studio Solution File, Format Version 12.00
# Visual Studio Version 16
VisualStudioVersion = 16.0.30804.86
MinimumVisualStudioVersion = 15.0.26124.0
Project("{9A19103F-16F7-4668-BE54-9A1E7A4F7556}") = "dotnetCampus.Logger", "src\dotnetCampus.Logger\dotnetCampus.Logger.csproj", "{F7ED61F4-920C-49EB-8DC1-74B2BE6AF272}"
	ProjectSection(ProjectDependencies) = postProject
		{77F0A6B5-6C8B-4815-8C1E-4F97C24BFB36} = {77F0A6B5-6C8B-4815-8C1E-4F97C24BFB36}
	EndProjectSection
EndProject
Project("{2150E333-8FDC-42A3-9474-1A3956D46DE8}") = "build", "build", "{AFB0DF31-474C-4ACB-88C6-DD00552D5B5A}"
	ProjectSection(SolutionItems) = preProject
		Directory.Build.props = Directory.Build.props
		README.md = README.md
		build\Version.props = build\Version.props
		.gitattributes = .gitattributes
		.gitignore = .gitignore
	EndProjectSection
EndProject
Project("{FAE04EC0-301F-11D3-BF4B-00C04F79EFBC}") = "LoggerSample.MainApp", "samples\LoggerSample.MainApp\LoggerSample.MainApp.csproj", "{C282F00B-0C42-491F-AC0D-967407E1C418}"
EndProject
Project("{2150E333-8FDC-42A3-9474-1A3956D46DE8}") = "samples", "samples", "{34E3F27E-C7E2-45D7-8035-53C304F77E2A}"
EndProject
Project("{FAE04EC0-301F-11D3-BF4B-00C04F79EFBC}") = "LoggerSample.LoggerDependentLibrary", "samples\LoggerSample.LoggerDependentLibrary\LoggerSample.LoggerDependentLibrary.csproj", "{0A1ACF06-FC64-4B5C-97E9-AA2CC307C899}"
EndProject
Project("{FAE04EC0-301F-11D3-BF4B-00C04F79EFBC}") = "LoggerSample.LoggerIndependentLibrary", "samples\LoggerSample.LoggerIndependentLibrary\LoggerSample.LoggerIndependentLibrary.csproj", "{36367E21-BABC-4CC4-891E-CEAF56D66B68}"
EndProject
Project("{2150E333-8FDC-42A3-9474-1A3956D46DE8}") = "tests", "tests", "{36852775-3A76-49CF-98CC-3067CE54A5AD}"
EndProject
Project("{FAE04EC0-301F-11D3-BF4B-00C04F79EFBC}") = "dotnetCampus.Logger.Tests", "tests\dotnetCampus.Logger.Tests\dotnetCampus.Logger.Tests.csproj", "{D0ACB879-D49B-4ACD-9852-23D0E6D15DDB}"
EndProject
Project("{FAE04EC0-301F-11D3-BF4B-00C04F79EFBC}") = "dotnetCampus.Logger.Analyzer", "src\dotnetCampus.Logger.Analyzer\dotnetCampus.Logger.Analyzer.csproj", "{77F0A6B5-6C8B-4815-8C1E-4F97C24BFB36}"
EndProject
Project("{FAE04EC0-301F-11D3-BF4B-00C04F79EFBC}") = "LoggerSample.LoggerIndependentProject", "samples\LoggerSample.LoggerIndependentProject\LoggerSample.LoggerIndependentProject.csproj", "{E0DE93BF-AE07-4F92-A3FD-F4D661339BE0}"
EndProject
Global
	GlobalSection(SolutionConfigurationPlatforms) = preSolution
		Debug|Any CPU = Debug|Any CPU
		Debug|x64 = Debug|x64
		Debug|x86 = Debug|x86
		Release|Any CPU = Release|Any CPU
		Release|x64 = Release|x64
		Release|x86 = Release|x86
	EndGlobalSection
	GlobalSection(ProjectConfigurationPlatforms) = postSolution
		{F7ED61F4-920C-49EB-8DC1-74B2BE6AF272}.Debug|Any CPU.ActiveCfg = Debug|Any CPU
		{F7ED61F4-920C-49EB-8DC1-74B2BE6AF272}.Debug|Any CPU.Build.0 = Debug|Any CPU
		{F7ED61F4-920C-49EB-8DC1-74B2BE6AF272}.Debug|x64.ActiveCfg = Debug|Any CPU
		{F7ED61F4-920C-49EB-8DC1-74B2BE6AF272}.Debug|x64.Build.0 = Debug|Any CPU
		{F7ED61F4-920C-49EB-8DC1-74B2BE6AF272}.Debug|x86.ActiveCfg = Debug|Any CPU
		{F7ED61F4-920C-49EB-8DC1-74B2BE6AF272}.Debug|x86.Build.0 = Debug|Any CPU
		{F7ED61F4-920C-49EB-8DC1-74B2BE6AF272}.Release|Any CPU.ActiveCfg = Release|Any CPU
		{F7ED61F4-920C-49EB-8DC1-74B2BE6AF272}.Release|Any CPU.Build.0 = Release|Any CPU
		{F7ED61F4-920C-49EB-8DC1-74B2BE6AF272}.Release|x64.ActiveCfg = Release|Any CPU
		{F7ED61F4-920C-49EB-8DC1-74B2BE6AF272}.Release|x64.Build.0 = Release|Any CPU
		{F7ED61F4-920C-49EB-8DC1-74B2BE6AF272}.Release|x86.ActiveCfg = Release|Any CPU
		{F7ED61F4-920C-49EB-8DC1-74B2BE6AF272}.Release|x86.Build.0 = Release|Any CPU
		{C282F00B-0C42-491F-AC0D-967407E1C418}.Debug|Any CPU.ActiveCfg = Debug|Any CPU
		{C282F00B-0C42-491F-AC0D-967407E1C418}.Debug|Any CPU.Build.0 = Debug|Any CPU
		{C282F00B-0C42-491F-AC0D-967407E1C418}.Debug|x64.ActiveCfg = Debug|Any CPU
		{C282F00B-0C42-491F-AC0D-967407E1C418}.Debug|x64.Build.0 = Debug|Any CPU
		{C282F00B-0C42-491F-AC0D-967407E1C418}.Debug|x86.ActiveCfg = Debug|Any CPU
		{C282F00B-0C42-491F-AC0D-967407E1C418}.Debug|x86.Build.0 = Debug|Any CPU
		{C282F00B-0C42-491F-AC0D-967407E1C418}.Release|Any CPU.ActiveCfg = Release|Any CPU
		{C282F00B-0C42-491F-AC0D-967407E1C418}.Release|Any CPU.Build.0 = Release|Any CPU
		{C282F00B-0C42-491F-AC0D-967407E1C418}.Release|x64.ActiveCfg = Release|Any CPU
		{C282F00B-0C42-491F-AC0D-967407E1C418}.Release|x64.Build.0 = Release|Any CPU
		{C282F00B-0C42-491F-AC0D-967407E1C418}.Release|x86.ActiveCfg = Release|Any CPU
		{C282F00B-0C42-491F-AC0D-967407E1C418}.Release|x86.Build.0 = Release|Any CPU
		{0A1ACF06-FC64-4B5C-97E9-AA2CC307C899}.Debug|Any CPU.ActiveCfg = Debug|Any CPU
		{0A1ACF06-FC64-4B5C-97E9-AA2CC307C899}.Debug|Any CPU.Build.0 = Debug|Any CPU
		{0A1ACF06-FC64-4B5C-97E9-AA2CC307C899}.Debug|x64.ActiveCfg = Debug|Any CPU
		{0A1ACF06-FC64-4B5C-97E9-AA2CC307C899}.Debug|x64.Build.0 = Debug|Any CPU
		{0A1ACF06-FC64-4B5C-97E9-AA2CC307C899}.Debug|x86.ActiveCfg = Debug|Any CPU
		{0A1ACF06-FC64-4B5C-97E9-AA2CC307C899}.Debug|x86.Build.0 = Debug|Any CPU
		{0A1ACF06-FC64-4B5C-97E9-AA2CC307C899}.Release|Any CPU.ActiveCfg = Release|Any CPU
		{0A1ACF06-FC64-4B5C-97E9-AA2CC307C899}.Release|Any CPU.Build.0 = Release|Any CPU
		{0A1ACF06-FC64-4B5C-97E9-AA2CC307C899}.Release|x64.ActiveCfg = Release|Any CPU
		{0A1ACF06-FC64-4B5C-97E9-AA2CC307C899}.Release|x64.Build.0 = Release|Any CPU
		{0A1ACF06-FC64-4B5C-97E9-AA2CC307C899}.Release|x86.ActiveCfg = Release|Any CPU
		{0A1ACF06-FC64-4B5C-97E9-AA2CC307C899}.Release|x86.Build.0 = Release|Any CPU
		{36367E21-BABC-4CC4-891E-CEAF56D66B68}.Debug|Any CPU.ActiveCfg = Debug|Any CPU
		{36367E21-BABC-4CC4-891E-CEAF56D66B68}.Debug|Any CPU.Build.0 = Debug|Any CPU
		{36367E21-BABC-4CC4-891E-CEAF56D66B68}.Debug|x64.ActiveCfg = Debug|Any CPU
		{36367E21-BABC-4CC4-891E-CEAF56D66B68}.Debug|x64.Build.0 = Debug|Any CPU
		{36367E21-BABC-4CC4-891E-CEAF56D66B68}.Debug|x86.ActiveCfg = Debug|Any CPU
		{36367E21-BABC-4CC4-891E-CEAF56D66B68}.Debug|x86.Build.0 = Debug|Any CPU
		{36367E21-BABC-4CC4-891E-CEAF56D66B68}.Release|Any CPU.ActiveCfg = Release|Any CPU
		{36367E21-BABC-4CC4-891E-CEAF56D66B68}.Release|Any CPU.Build.0 = Release|Any CPU
		{36367E21-BABC-4CC4-891E-CEAF56D66B68}.Release|x64.ActiveCfg = Release|Any CPU
		{36367E21-BABC-4CC4-891E-CEAF56D66B68}.Release|x64.Build.0 = Release|Any CPU
		{36367E21-BABC-4CC4-891E-CEAF56D66B68}.Release|x86.ActiveCfg = Release|Any CPU
		{36367E21-BABC-4CC4-891E-CEAF56D66B68}.Release|x86.Build.0 = Release|Any CPU
		{D0ACB879-D49B-4ACD-9852-23D0E6D15DDB}.Debug|Any CPU.ActiveCfg = Debug|Any CPU
		{D0ACB879-D49B-4ACD-9852-23D0E6D15DDB}.Debug|Any CPU.Build.0 = Debug|Any CPU
		{D0ACB879-D49B-4ACD-9852-23D0E6D15DDB}.Debug|x64.ActiveCfg = Debug|Any CPU
		{D0ACB879-D49B-4ACD-9852-23D0E6D15DDB}.Debug|x64.Build.0 = Debug|Any CPU
		{D0ACB879-D49B-4ACD-9852-23D0E6D15DDB}.Debug|x86.ActiveCfg = Debug|Any CPU
		{D0ACB879-D49B-4ACD-9852-23D0E6D15DDB}.Debug|x86.Build.0 = Debug|Any CPU
		{D0ACB879-D49B-4ACD-9852-23D0E6D15DDB}.Release|Any CPU.ActiveCfg = Release|Any CPU
		{D0ACB879-D49B-4ACD-9852-23D0E6D15DDB}.Release|Any CPU.Build.0 = Release|Any CPU
		{D0ACB879-D49B-4ACD-9852-23D0E6D15DDB}.Release|x64.ActiveCfg = Release|Any CPU
		{D0ACB879-D49B-4ACD-9852-23D0E6D15DDB}.Release|x64.Build.0 = Release|Any CPU
		{D0ACB879-D49B-4ACD-9852-23D0E6D15DDB}.Release|x86.ActiveCfg = Release|Any CPU
		{D0ACB879-D49B-4ACD-9852-23D0E6D15DDB}.Release|x86.Build.0 = Release|Any CPU
		{77F0A6B5-6C8B-4815-8C1E-4F97C24BFB36}.Debug|Any CPU.ActiveCfg = Debug|Any CPU
		{77F0A6B5-6C8B-4815-8C1E-4F97C24BFB36}.Debug|Any CPU.Build.0 = Debug|Any CPU
		{77F0A6B5-6C8B-4815-8C1E-4F97C24BFB36}.Debug|x64.ActiveCfg = Debug|Any CPU
		{77F0A6B5-6C8B-4815-8C1E-4F97C24BFB36}.Debug|x64.Build.0 = Debug|Any CPU
		{77F0A6B5-6C8B-4815-8C1E-4F97C24BFB36}.Debug|x86.ActiveCfg = Debug|Any CPU
		{77F0A6B5-6C8B-4815-8C1E-4F97C24BFB36}.Debug|x86.Build.0 = Debug|Any CPU
		{77F0A6B5-6C8B-4815-8C1E-4F97C24BFB36}.Release|Any CPU.ActiveCfg = Release|Any CPU
		{77F0A6B5-6C8B-4815-8C1E-4F97C24BFB36}.Release|Any CPU.Build.0 = Release|Any CPU
		{77F0A6B5-6C8B-4815-8C1E-4F97C24BFB36}.Release|x64.ActiveCfg = Release|Any CPU
		{77F0A6B5-6C8B-4815-8C1E-4F97C24BFB36}.Release|x64.Build.0 = Release|Any CPU
		{77F0A6B5-6C8B-4815-8C1E-4F97C24BFB36}.Release|x86.ActiveCfg = Release|Any CPU
		{77F0A6B5-6C8B-4815-8C1E-4F97C24BFB36}.Release|x86.Build.0 = Release|Any CPU
		{E0DE93BF-AE07-4F92-A3FD-F4D661339BE0}.Debug|Any CPU.ActiveCfg = Debug|Any CPU
		{E0DE93BF-AE07-4F92-A3FD-F4D661339BE0}.Debug|Any CPU.Build.0 = Debug|Any CPU
		{E0DE93BF-AE07-4F92-A3FD-F4D661339BE0}.Debug|x64.ActiveCfg = Debug|Any CPU
		{E0DE93BF-AE07-4F92-A3FD-F4D661339BE0}.Debug|x64.Build.0 = Debug|Any CPU
		{E0DE93BF-AE07-4F92-A3FD-F4D661339BE0}.Debug|x86.ActiveCfg = Debug|Any CPU
		{E0DE93BF-AE07-4F92-A3FD-F4D661339BE0}.Debug|x86.Build.0 = Debug|Any CPU
		{E0DE93BF-AE07-4F92-A3FD-F4D661339BE0}.Release|Any CPU.ActiveCfg = Release|Any CPU
		{E0DE93BF-AE07-4F92-A3FD-F4D661339BE0}.Release|Any CPU.Build.0 = Release|Any CPU
		{E0DE93BF-AE07-4F92-A3FD-F4D661339BE0}.Release|x64.ActiveCfg = Release|Any CPU
		{E0DE93BF-AE07-4F92-A3FD-F4D661339BE0}.Release|x64.Build.0 = Release|Any CPU
		{E0DE93BF-AE07-4F92-A3FD-F4D661339BE0}.Release|x86.ActiveCfg = Release|Any CPU
		{E0DE93BF-AE07-4F92-A3FD-F4D661339BE0}.Release|x86.Build.0 = Release|Any CPU
	EndGlobalSection
	GlobalSection(SolutionProperties) = preSolution
		HideSolutionNode = FALSE
	EndGlobalSection
	GlobalSection(NestedProjects) = preSolution
		{C282F00B-0C42-491F-AC0D-967407E1C418} = {34E3F27E-C7E2-45D7-8035-53C304F77E2A}
		{0A1ACF06-FC64-4B5C-97E9-AA2CC307C899} = {34E3F27E-C7E2-45D7-8035-53C304F77E2A}
		{36367E21-BABC-4CC4-891E-CEAF56D66B68} = {34E3F27E-C7E2-45D7-8035-53C304F77E2A}
		{D0ACB879-D49B-4ACD-9852-23D0E6D15DDB} = {36852775-3A76-49CF-98CC-3067CE54A5AD}
		{E0DE93BF-AE07-4F92-A3FD-F4D661339BE0} = {34E3F27E-C7E2-45D7-8035-53C304F77E2A}
	EndGlobalSection
	GlobalSection(ExtensibilityGlobals) = postSolution
		SolutionGuid = {D7D96521-5EB7-45B4-B70D-2B3FB69A3082}
	EndGlobalSection
EndGlobal
