
Microsoft Visual Studio Solution File, Format Version 12.00
# Visual Studio Version 16
VisualStudioVersion = 16.0.30804.86
MinimumVisualStudioVersion = 15.0.26124.0
Project("{2150E333-8FDC-42A3-9474-1A3956D46DE8}") = "src", "src", "{5D196596-756D-45C2-8A05-C8E4AB8A36E6}"
EndProject
Project("{9A19103F-16F7-4668-BE54-9A1E7A4F7556}") = "dotnetCampus.Logger", "src\dotnetCampus.Logger\dotnetCampus.Logger.csproj", "{F7ED61F4-920C-49EB-8DC1-74B2BE6AF272}"
EndProject
Project("{2150E333-8FDC-42A3-9474-1A3956D46DE8}") = "build", "build", "{AFB0DF31-474C-4ACB-88C6-DD00552D5B5A}"
	ProjectSection(SolutionItems) = preProject
		Directory.Build.props = Directory.Build.props
		README.md = README.md
		build\Version.props = build\Version.props
		.gitattributes = .gitattributes
		.gitignore = .gitignore
	EndProjectSection
EndProject
Project("{9A19103F-16F7-4668-BE54-9A1E7A4F7556}") = "dotnetCampus.FileLogger", "src\dotnetCampus.FileLogger\dotnetCampus.FileLogger\dotnetCampus.FileLogger.csproj", "{C9399790-B935-4CE3-A75B-4D99133E1DB1}"
EndProject
Project("{FAE04EC0-301F-11D3-BF4B-00C04F79EFBC}") = "dotnetCampus.Logger.Abstractions", "src\dotnetCampus.Logger.Abstractions\dotnetCampus.Logger.Abstractions.csproj", "{73E5A5FB-39A6-4417-9E66-1B9F6E925CFE}"
EndProject
Global
	GlobalSection(SolutionConfigurationPlatforms) = preSolution
		Debug|Any CPU = Debug|Any CPU
		Debug|x64 = Debug|x64
		Debug|x86 = Debug|x86
		Release|Any CPU = Release|Any CPU
		Release|x64 = Release|x64
		Release|x86 = Release|x86
	EndGlobalSection
	GlobalSection(ProjectConfigurationPlatforms) = postSolution
		{F7ED61F4-920C-49EB-8DC1-74B2BE6AF272}.Debug|Any CPU.ActiveCfg = Debug|Any CPU
		{F7ED61F4-920C-49EB-8DC1-74B2BE6AF272}.Debug|Any CPU.Build.0 = Debug|Any CPU
		{F7ED61F4-920C-49EB-8DC1-74B2BE6AF272}.Debug|x64.ActiveCfg = Debug|Any CPU
		{F7ED61F4-920C-49EB-8DC1-74B2BE6AF272}.Debug|x64.Build.0 = Debug|Any CPU
		{F7ED61F4-920C-49EB-8DC1-74B2BE6AF272}.Debug|x86.ActiveCfg = Debug|Any CPU
		{F7ED61F4-920C-49EB-8DC1-74B2BE6AF272}.Debug|x86.Build.0 = Debug|Any CPU
		{F7ED61F4-920C-49EB-8DC1-74B2BE6AF272}.Release|Any CPU.ActiveCfg = Release|Any CPU
		{F7ED61F4-920C-49EB-8DC1-74B2BE6AF272}.Release|Any CPU.Build.0 = Release|Any CPU
		{F7ED61F4-920C-49EB-8DC1-74B2BE6AF272}.Release|x64.ActiveCfg = Release|Any CPU
		{F7ED61F4-920C-49EB-8DC1-74B2BE6AF272}.Release|x64.Build.0 = Release|Any CPU
		{F7ED61F4-920C-49EB-8DC1-74B2BE6AF272}.Release|x86.ActiveCfg = Release|Any CPU
		{F7ED61F4-920C-49EB-8DC1-74B2BE6AF272}.Release|x86.Build.0 = Release|Any CPU
		{C9399790-B935-4CE3-A75B-4D99133E1DB1}.Debug|Any CPU.ActiveCfg = Debug|Any CPU
		{C9399790-B935-4CE3-A75B-4D99133E1DB1}.Debug|Any CPU.Build.0 = Debug|Any CPU
		{C9399790-B935-4CE3-A75B-4D99133E1DB1}.Debug|x64.ActiveCfg = Debug|Any CPU
		{C9399790-B935-4CE3-A75B-4D99133E1DB1}.Debug|x64.Build.0 = Debug|Any CPU
		{C9399790-B935-4CE3-A75B-4D99133E1DB1}.Debug|x86.ActiveCfg = Debug|Any CPU
		{C9399790-B935-4CE3-A75B-4D99133E1DB1}.Debug|x86.Build.0 = Debug|Any CPU
		{C9399790-B935-4CE3-A75B-4D99133E1DB1}.Release|Any CPU.ActiveCfg = Release|Any CPU
		{C9399790-B935-4CE3-A75B-4D99133E1DB1}.Release|Any CPU.Build.0 = Release|Any CPU
		{C9399790-B935-4CE3-A75B-4D99133E1DB1}.Release|x64.ActiveCfg = Release|Any CPU
		{C9399790-B935-4CE3-A75B-4D99133E1DB1}.Release|x64.Build.0 = Release|Any CPU
		{C9399790-B935-4CE3-A75B-4D99133E1DB1}.Release|x86.ActiveCfg = Release|Any CPU
		{C9399790-B935-4CE3-A75B-4D99133E1DB1}.Release|x86.Build.0 = Release|Any CPU
		{73E5A5FB-39A6-4417-9E66-1B9F6E925CFE}.Debug|Any CPU.ActiveCfg = Debug|Any CPU
		{73E5A5FB-39A6-4417-9E66-1B9F6E925CFE}.Debug|Any CPU.Build.0 = Debug|Any CPU
		{73E5A5FB-39A6-4417-9E66-1B9F6E925CFE}.Debug|x64.ActiveCfg = Debug|Any CPU
		{73E5A5FB-39A6-4417-9E66-1B9F6E925CFE}.Debug|x64.Build.0 = Debug|Any CPU
		{73E5A5FB-39A6-4417-9E66-1B9F6E925CFE}.Debug|x86.ActiveCfg = Debug|Any CPU
		{73E5A5FB-39A6-4417-9E66-1B9F6E925CFE}.Debug|x86.Build.0 = Debug|Any CPU
		{73E5A5FB-39A6-4417-9E66-1B9F6E925CFE}.Release|Any CPU.ActiveCfg = Release|Any CPU
		{73E5A5FB-39A6-4417-9E66-1B9F6E925CFE}.Release|Any CPU.Build.0 = Release|Any CPU
		{73E5A5FB-39A6-4417-9E66-1B9F6E925CFE}.Release|x64.ActiveCfg = Release|Any CPU
		{73E5A5FB-39A6-4417-9E66-1B9F6E925CFE}.Release|x64.Build.0 = Release|Any CPU
		{73E5A5FB-39A6-4417-9E66-1B9F6E925CFE}.Release|x86.ActiveCfg = Release|Any CPU
		{73E5A5FB-39A6-4417-9E66-1B9F6E925CFE}.Release|x86.Build.0 = Release|Any CPU
	EndGlobalSection
	GlobalSection(SolutionProperties) = preSolution
		HideSolutionNode = FALSE
	EndGlobalSection
	GlobalSection(NestedProjects) = preSolution
		{F7ED61F4-920C-49EB-8DC1-74B2BE6AF272} = {5D196596-756D-45C2-8A05-C8E4AB8A36E6}
		{C9399790-B935-4CE3-A75B-4D99133E1DB1} = {5D196596-756D-45C2-8A05-C8E4AB8A36E6}
		{73E5A5FB-39A6-4417-9E66-1B9F6E925CFE} = {5D196596-756D-45C2-8A05-C8E4AB8A36E6}
	EndGlobalSection
	GlobalSection(ExtensibilityGlobals) = postSolution
		SolutionGuid = {D7D96521-5EB7-45B4-B70D-2B3FB69A3082}
	EndGlobalSection
EndGlobal
